
Microsoft Visual Studio Solution File, Format Version 12.00
# Visual Studio Version 17
VisualStudioVersion = 17.12.35527.113 d17.12
MinimumVisualStudioVersion = 10.0.40219.1
Project("{FAE04EC0-301F-11D3-BF4B-00C04F79EFBC}") = "Clowns", "Clowns\Clowns.csproj", "{D0ECB39B-3CDD-4211-AAFF-45B6122B7FBA}"
EndProject
Global
	GlobalSection(SolutionConfigurationPlatforms) = preSolution
		Debug|Any CPU = Debug|Any CPU
		Release|Any CPU = Release|Any CPU
	EndGlobalSection
	GlobalSection(ProjectConfigurationPlatforms) = postSolution
		{D0ECB39B-3CDD-4211-AAFF-45B6122B7FBA}.Debug|Any CPU.ActiveCfg = Debug|Any CPU
		{D0ECB39B-3CDD-4211-AAFF-45B6122B7FBA}.Debug|Any CPU.Build.0 = Debug|Any CPU
		{D0ECB39B-3CDD-4211-AAFF-45B6122B7FBA}.Release|Any CPU.ActiveCfg = Release|Any CPU
		{D0ECB39B-3CDD-4211-AAFF-45B6122B7FBA}.Release|Any CPU.Build.0 = Release|Any CPU
	EndGlobalSection
	GlobalSection(SolutionProperties) = preSolution
		HideSolutionNode = FALSE
	EndGlobalSection
EndGlobal
